
Microsoft Visual Studio Solution File, Format Version 12.00
# Visual Studio Version 16
VisualStudioVersion = 16.0.30523.141
MinimumVisualStudioVersion = 10.0.40219.1
Project("{FAE04EC0-301F-11D3-BF4B-00C04F79EFBC}") = "DutchTreat", "DutchTreat.csproj", "{0BA40E31-2348-4DA8-9672-3EBE1790B9E7}"
EndProject
Global
	GlobalSection(SolutionConfigurationPlatforms) = preSolution
		Debug|Any CPU = Debug|Any CPU
		Release|Any CPU = Release|Any CPU
	EndGlobalSection
	GlobalSection(ProjectConfigurationPlatforms) = postSolution
		{0BA40E31-2348-4DA8-9672-3EBE1790B9E7}.Debug|Any CPU.ActiveCfg = Debug|Any CPU
		{0BA40E31-2348-4DA8-9672-3EBE1790B9E7}.Debug|Any CPU.Build.0 = Debug|Any CPU
		{0BA40E31-2348-4DA8-9672-3EBE1790B9E7}.Release|Any CPU.ActiveCfg = Release|Any CPU
		{0BA40E31-2348-4DA8-9672-3EBE1790B9E7}.Release|Any CPU.Build.0 = Release|Any CPU
	EndGlobalSection
	GlobalSection(SolutionProperties) = preSolution
		HideSolutionNode = FALSE
	EndGlobalSection
	GlobalSection(ExtensibilityGlobals) = postSolution
		SolutionGuid = {22D0C8A5-8A8B-4CA0-88B7-320A0EA036C3}
	EndGlobalSection
EndGlobal
